--- 
dependencies: 
  compass: 
    group: 
    - :default
    version: = 0.10.0.pre8
  rails: 
    group: 
    - :default
    version: = 3.0.0.beta
  pg: 
    group: 
    - :default
    version: ">= 0"
  mongrel: 
    group: 
    - :development
    version: = 1.1.5
  haml: 
    group: 
    - :default
    version: = 2.2.18
  authlogic: 
    group: 
    - :default
    version: ">= 0"
  declarative_authorization: 
    group: 
    - :default
    version: ">= 0"
  inherited_resources: 
    group: 
    - :default
    version: = 1.1.0
  thin: 
    group: 
    - :production
    version: = 1.2.7
  formtastic: 
    group: 
    - :default
    version: ">= 0"
  rack: 
    group: 
    - :default
    version: = 1.1.0
  will_paginate: 
    group: 
    - :default
    version: = 3.0.pre
  paperclip: 
    group: 
    - :default
    version: ">= 0"
  responders: 
    group: 
    - :default
    version: = 0.5.2
specs: 
- text-hyphen: 
    version: 1.0.0
- builder: 
    version: 2.1.2
- i18n: 
    version: 0.3.5
- responders: 
    version: 0.5.2
- daemons: 
    version: 1.0.10
- bundler: 
    version: 0.9.10
- has_scope: 
    version: 0.4.2
- will_paginate: 
    version: 3.0.pre
- arel: 
    version: 0.2.1
- eventmachine: 
    version: 0.12.10
- formtastic: 
    version: 0.9.8
    source: 2
- gem_plugin: 
    version: 0.2.3
- cgi_multipart_eof_fix: 
    version: 2.5.0
- activemodel: 
    version: 3.0.0.beta
- thin: 
    version: 1.2.7
- abstract: 
    version: 1.0.0
- erubis: 
    version: 2.6.5
- mime-types: 
    version: "1.16"
- mail: 
    version: 2.1.3
- inherited_resources: 
    version: 1.1.0
- thor: 
    version: 0.13.4
- memcache-client: 
    version: 1.7.8
- authlogic: 
    version: 2.1.3
    source: 1
- rake: 
    version: 0.8.7
- railties: 
    version: 3.0.0.beta
- haml: 
    version: 2.2.18
- fastthread: 
    version: 1.0.7
- text-format: 
    version: 1.0.0
- mongrel: 
    version: 1.1.5
- rack: 
    version: 1.1.0
- rack-test: 
    version: 0.5.3
- rack-mount: 
    version: 0.4.7
- actionpack: 
    version: 3.0.0.beta
- actionmailer: 
    version: 3.0.0.beta
- activerecord: 
    version: 3.0.0.beta
- paperclip: 
    version: 2.3.1.1
    source: 3
- pg: 
    version: 0.9.0
- tzinfo: 
    version: 0.3.16
- activesupport: 
    version: 3.0.0.beta
- compass: 
    version: 0.10.0.pre8
- activeresource: 
    version: 3.0.0.beta
- rails: 
    version: 3.0.0.beta
- declarative_authorization: 
    version: "0.4"
    source: 0
hash: 77c6f0d03794cd82e1420d9daa915208a2b90bc5
sources: 
- Git: 
    uri: git://github.com/stffn/declarative_authorization.git
    git: git://github.com/stffn/declarative_authorization.git
    ref: 007777f87e43d593dfbdac28b396529fd8364aa7
- Git: 
    uri: git://github.com/binarylogic/authlogic.git
    git: git://github.com/binarylogic/authlogic.git
    ref: 85b2a6b3e9993b18c7fb1e4f7b9c6d01cc8b5d17
- Git: 
    uri: git://github.com/kristianmandrup/formtastic.git
    git: git://github.com/kristianmandrup/formtastic.git
    ref: 61e8bc93e06b825cbdafb13d3767ec5564ba1947
- Git: 
    uri: git://github.com/thoughtbot/paperclip.git
    branch: rails3
    git: git://github.com/thoughtbot/paperclip.git
    ref: fe428aed26959af088c01ed6803b86066ee00295
- Rubygems: 
    uri: http://gemcutter.org
