--- 
dependencies: 
  compass: 
    group: 
    - :default
    version: = 0.8.17
  mongrel: 
    group: 
    - :development
    version: = 1.1.5
  pg: 
    group: 
    - :default
    version: ">= 0"
  rails: 
    group: 
    - :default
    version: = 2.3.5
  authlogic: 
    group: 
    - :default
    version: = 2.1.3
  haml: 
    group: 
    - :default
    version: = 2.2.16
  searchlogic: 
    group: 
    - :default
    version: = 2.3.5
  inherited_resources: 
    group: 
    - :default
    version: = 1.0.4
  declarative_authorization: 
    group: 
    - :default
    version: = 0.4
  thin: 
    group: 
    - :production
    version: = 1.2.7
  formtastic: 
    group: 
    - :default
    version: = 0.9.7
  rack: 
    group: 
    - :production
    version: = 1.0.1
  will_paginate: 
    group: 
    - :default
    version: = 2.3.11
  responders: 
    group: 
    - :default
    version: = 0.4.3
specs: 
- activesupport: 
    version: 2.3.5
- daemons: 
    version: 1.0.10
- responders: 
    version: 0.4.3
- will_paginate: 
    version: 2.3.11
- has_scope: 
    version: 0.4.2
- eventmachine: 
    version: 0.12.10
- gem_plugin: 
    version: 0.2.3
- formtastic: 
    version: 0.9.7
- thin: 
    version: 1.2.7
- cgi_multipart_eof_fix: 
    version: 2.5.0
- inherited_resources: 
    version: 1.0.4
- haml: 
    version: 2.2.16
- rake: 
    version: 0.8.7
- authlogic: 
    version: 2.1.3
- activerecord: 
    version: 2.3.5
- searchlogic: 
    version: 2.3.5
- pg: 
    version: 0.9.0
- fastthread: 
    version: 1.0.7
- mongrel: 
    version: 1.1.5
- rack: 
    version: 1.0.1
- actionpack: 
    version: 2.3.5
- actionmailer: 
    version: 2.3.5
- activeresource: 
    version: 2.3.5
- rails: 
    version: 2.3.5
- declarative_authorization: 
    version: "0.4"
- compass: 
    version: 0.8.17
hash: 668efabe0e0b492fa162d630cb69b97559284172
sources: 
- Rubygems: 
    uri: http://gemcutter.org
